<?xml version="1.0" encoding="UTF-8" standalone="yes" ?>
<CodeBlocks_project_file>
	<FileVersion major="1" minor="6" />
	<Project>
		<Option title="CortiCombatVisualisierung" />
		<Option pch_mode="2" />
		<Option compiler="gcc" />
		<Build>
			<Target title="Release">
				<Option output="CortiCombatVisu" prefix_auto="1" extension_auto="1" />
				<Option object_output="obj/Release/" />
				<Option type="3" />
				<Option compiler="gcc" />
				<Compiler>
					<Add option="-O2" />
					<Add option="-Wall" />
					<Add option="-DBUILD_DLL" />
				</Compiler>
				<Linker>
					<Add option="-s" />
					<Add library="user32" />
				</Linker>
			</Target>
		</Build>
		<Unit filename="CombatVisu.cpp">
			<Option compile="0" />
			<Option link="0" />
		</Unit>
		<Unit filename="CombatVisuCalculate.cpp">
			<Option compile="0" />
			<Option link="0" />
		</Unit>
		<Unit filename="CombatVisuConfig.cpp">
			<Option compile="0" />
			<Option link="0" />
			<Option target="&lt;{~None~}&gt;" />
		</Unit>
		<Unit filename="CombatVisuGraphics.cpp">
			<Option compile="0" />
			<Option link="0" />
		</Unit>
		<Unit filename="CortiCombatVisu.rc">
			<Option compilerVar="WINDRES" />
		</Unit>
		<Unit filename="CortiCombatVisuReadme.txt" />
		<Unit filename="Dialog.cpp">
			<Option compile="0" />
			<Option link="0" />
			<Option target="&lt;{~None~}&gt;" />
		</Unit>
		<Unit filename="main.cpp" />
		<Extensions>
			<code_completion />
			<envvars />
			<debugger />
			<lib_finder disable_auto="1" />
		</Extensions>
	</Project>
</CodeBlocks_project_file>
