<?xml version="1.0" encoding="UTF-8" standalone="yes" ?>
<CodeBlocks_project_file>
	<FileVersion major="1" minor="6" />
	<Project>
		<Option title="CortiCustomCrit" />
		<Option pch_mode="2" />
		<Option compiler="gcc" />
		<Build>
			<Target title="Release">
				<Option output="../CortiXCustomCrit" prefix_auto="1" extension_auto="1" />
				<Option object_output="obj/Release/" />
				<Option type="3" />
				<Option compiler="gcc" />
				<Compiler>
					<Add option="-O2" />
					<Add option="-Wshadow" />
					<Add option="-Winit-self" />
					<Add option="-Wredundant-decls" />
					<Add option="-Wcast-align" />
					<Add option="-Wundef" />
					<Add option="-Wfloat-equal" />
					<Add option="-Winline" />
					<Add option="-DBUILD_DLL" />
				</Compiler>
				<Linker>
					<Add option="-s" />
					<Add library="user32" />
				</Linker>
				<ExtraCommands>
					<Add after='cmd /c COPY &quot;M:\Projekte\DarkSword\DarkSword\Quellcode\CortiXCustomCrit.dll&quot; &quot;M:\Projekte\Github2k3\CortiCustomCrit\TestProject\DynPlugins\CortiXCustomCrit.dll&quot;' />
				</ExtraCommands>
			</Target>
		</Build>
		<Unit filename="Calculations/Calculations.cpp">
			<Option compile="0" />
			<Option link="0" />
		</Unit>
		<Unit filename="Calculations/CritCalcType1.cpp">
			<Option compile="0" />
			<Option link="0" />
		</Unit>
		<Unit filename="Calculations/CritCalcType2.cpp">
			<Option compile="0" />
			<Option link="0" />
		</Unit>
		<Unit filename="Calculations/CritCalcType3.cpp">
			<Option compile="0" />
			<Option link="0" />
		</Unit>
		<Unit filename="Calculations/LevelInfluence.cpp">
			<Option compile="0" />
			<Option link="0" />
		</Unit>
		<Unit filename="Calculations/RandomNumbers.cpp">
			<Option compile="0" />
			<Option link="0" />
			<Option target="&lt;{~None~}&gt;" />
		</Unit>
		<Unit filename="Callbacks/onBattlerAction.cpp">
			<Option compile="0" />
			<Option link="0" />
		</Unit>
		<Unit filename="Callbacks/onBattlerDrawn.cpp">
			<Option compile="0" />
			<Option link="0" />
		</Unit>
		<Unit filename="Callbacks/onComment.cpp">
			<Option compile="0" />
			<Option link="0" />
		</Unit>
		<Unit filename="Callbacks/onDrawBattleActionWindow.cpp">
			<Option compile="0" />
			<Option link="0" />
			<Option target="&lt;{~None~}&gt;" />
		</Unit>
		<Unit filename="Callbacks/onFrame.cpp">
			<Option compile="0" />
			<Option link="0" />
		</Unit>
		<Unit filename="Callbacks/onSystem.cpp">
			<Option compile="0" />
			<Option link="0" />
		</Unit>
		<Unit filename="Common/Dialog.cpp">
			<Option compile="0" />
			<Option link="0" />
		</Unit>
		<Unit filename="Common/Helper.cpp">
			<Option compile="0" />
			<Option link="0" />
		</Unit>
		<Unit filename="Configuration/ConfigMonsterCrit.cpp">
			<Option compile="0" />
			<Option link="0" />
			<Option target="&lt;{~None~}&gt;" />
		</Unit>
		<Unit filename="Configuration/ConfigSkills.cpp">
			<Option compile="0" />
			<Option link="0" />
		</Unit>
		<Unit filename="Configuration/ConfigType1.cpp">
			<Option compile="0" />
			<Option link="0" />
		</Unit>
		<Unit filename="Configuration/ConfigType2.cpp">
			<Option compile="0" />
			<Option link="0" />
			<Option target="&lt;{~None~}&gt;" />
		</Unit>
		<Unit filename="Configuration/ConfigType3.cpp">
			<Option compile="0" />
			<Option link="0" />
		</Unit>
		<Unit filename="Configuration/ConfigVisualEffects.cpp">
			<Option compile="0" />
			<Option link="0" />
			<Option target="&lt;{~None~}&gt;" />
		</Unit>
		<Unit filename="Configuration/Configuration.cpp">
			<Option compile="0" />
			<Option link="0" />
		</Unit>
		<Unit filename="CortiCustomCritReadme.txt" />
		<Unit filename="CriticalStrikes/CritCommands.cpp">
			<Option compile="0" />
			<Option link="0" />
		</Unit>
		<Unit filename="CriticalStrikes/HeroAttackBonus.cpp">
			<Option compile="0" />
			<Option link="0" />
		</Unit>
		<Unit filename="CriticalStrikes/MonsterAttackBonus.cpp">
			<Option compile="0" />
			<Option link="0" />
			<Option target="&lt;{~None~}&gt;" />
		</Unit>
		<Unit filename="CustomCrit.cpp">
			<Option compile="0" />
			<Option link="0" />
		</Unit>
		<Unit filename="Ressource.rc">
			<Option compilerVar="WINDRES" />
		</Unit>
		<Unit filename="VisualEffects/CustomAnimation.cpp">
			<Option compile="0" />
			<Option link="0" />
			<Option target="&lt;{~None~}&gt;" />
		</Unit>
		<Unit filename="VisualEffects/CustomAnimationPopup.cpp">
			<Option compile="0" />
			<Option link="0" />
			<Option target="&lt;{~None~}&gt;" />
		</Unit>
		<Unit filename="VisualEffects/DrawCritSplash.cpp">
			<Option compile="0" />
			<Option link="0" />
			<Option target="&lt;{~None~}&gt;" />
		</Unit>
		<Unit filename="main.cpp" />
		<Extensions>
			<code_completion />
			<envvars />
			<debugger />
			<lib_finder disable_auto="1" />
		</Extensions>
	</Project>
</CodeBlocks_project_file>
