<?xml version="1.0" encoding="UTF-8" standalone="yes" ?>
<CodeBlocks_project_file>
	<FileVersion major="1" minor="6" />
	<Project>
		<Option title="CortiMonsterHud" />
		<Option pch_mode="2" />
		<Option compiler="gcc" />
		<Build>
			<Target title="Release">
				<Option output="CortiMonsterHud" prefix_auto="1" extension_auto="1" />
				<Option object_output="obj/Release/" />
				<Option type="3" />
				<Option compiler="gcc" />
				<Compiler>
					<Add option="-O3" />
					<Add option="-Wshadow" />
					<Add option="-Winit-self" />
					<Add option="-Wredundant-decls" />
					<Add option="-Wfloat-equal" />
					<Add option="-Wall" />
					<Add option="-DBUILD_DLL" />
					<Add directory="D:/DevelopementTools/Libraries/DynRPGv20" />
				</Compiler>
				<Linker>
					<Add option="-s" />
					<Add library="user32" />
				</Linker>
				<ExtraCommands>
					<Add after='cmd /c copy &quot;$(PROJECT_DIR)$(TARGET_OUTPUT_FILE)&quot; &quot;D:\Daten\Privat\ProjectDarkSword\Dark Sword II Remake\DynPlugins&quot;' />
					<Mode after="always" />
				</ExtraCommands>
			</Target>
		</Build>
		<Unit filename="CortiMonsterHudReadme.txt" />
		<Unit filename="MonsterHud.cpp">
			<Option compile="0" />
			<Option link="0" />
		</Unit>
		<Unit filename="OnStartup.cpp">
			<Option compile="0" />
			<Option link="0" />
		</Unit>
		<Unit filename="helper.cpp">
			<Option compile="0" />
			<Option link="0" />
			<Option target="&lt;{~None~}&gt;" />
		</Unit>
		<Unit filename="main.cpp" />
		<Extensions>
			<code_completion />
			<envvars />
			<debugger />
		</Extensions>
	</Project>
</CodeBlocks_project_file>
